
Microsoft Visual Studio Solution File, Format Version 12.00
# Visual Studio Version 17
VisualStudioVersion = 17.0.31903.59
MinimumVisualStudioVersion = 10.0.40219.1
Project("{FAE04EC0-301F-11D3-BF4B-00C04F79EFBC}") = "ParcelPilot", "src/ParcelPilot/ParcelPilot.csproj", "{AF1AFC98-DC5C-43F9-8E9B-0C458C66CB79}"
EndProject
Project("{FAE04EC0-301F-11D3-BF4B-00C04F79EFBC}") = "ParcelPilot.Tests", "tests/ParcelPilot.Tests/ParcelPilot.Tests.csproj", "{C523E781-3400-4822-AF71-625643A72E61}"
EndProject
Global
	GlobalSection(SolutionConfigurationPlatforms) = preSolution
		Debug|Any CPU = Debug|Any CPU
		Release|Any CPU = Release|Any CPU
	EndGlobalSection
	GlobalSection(ProjectConfigurationPlatforms) = postSolution
		{AF1AFC98-DC5C-43F9-8E9B-0C458C66CB79}.Debug|Any CPU.ActiveCfg = Debug|Any CPU
		{AF1AFC98-DC5C-43F9-8E9B-0C458C66CB79}.Debug|Any CPU.Build.0 = Debug|Any CPU
		{AF1AFC98-DC5C-43F9-8E9B-0C458C66CB79}.Release|Any CPU.ActiveCfg = Release|Any CPU
		{AF1AFC98-DC5C-43F9-8E9B-0C458C66CB79}.Release|Any CPU.Build.0 = Release|Any CPU
		{C523E781-3400-4822-AF71-625643A72E61}.Debug|Any CPU.ActiveCfg = Debug|Any CPU
		{C523E781-3400-4822-AF71-625643A72E61}.Debug|Any CPU.Build.0 = Debug|Any CPU
		{C523E781-3400-4822-AF71-625643A72E61}.Release|Any CPU.ActiveCfg = Release|Any CPU
		{C523E781-3400-4822-AF71-625643A72E61}.Release|Any CPU.Build.0 = Release|Any CPU
	EndGlobalSection
EndGlobal
